
Microsoft Visual Studio Solution File, Format Version 12.00
# Visual Studio Version 16
VisualStudioVersion = 16.0.30114.105
MinimumVisualStudioVersion = 10.0.40219.1
Project("{FAE04EC0-301F-11D3-BF4B-00C04F79EFBC}") = "R5T.Norwich.Newport", "R5T.Norwich.Newport\R5T.Norwich.Newport.csproj", "{BC6CFDB4-DC30-4CCF-BFC9-4D8B17080D88}"
EndProject
Project("{FAE04EC0-301F-11D3-BF4B-00C04F79EFBC}") = "R5T.Norwich.Newport.Construction", "R5T.Norwich.Newport.Construction\R5T.Norwich.Newport.Construction.csproj", "{276C5225-0E2E-4EAE-84E6-71C542F80D83}"
EndProject
Project("{FAE04EC0-301F-11D3-BF4B-00C04F79EFBC}") = "R5T.Norwich.Newport.Testing", "R5T.Norwich.Newport.Testing\R5T.Norwich.Newport.Testing.csproj", "{8235C5F4-9103-484A-9649-2F5292B9F910}"
EndProject
Project("{2150E333-8FDC-42A3-9474-1A3956D46DE8}") = "_Dependencies", "_Dependencies", "{DB631E5F-E8BE-4F4C-9C0B-54473E56B243}"
EndProject
Project("{FAE04EC0-301F-11D3-BF4B-00C04F79EFBC}") = "R5T.T0064", "..\..\R5T.T0064\source\R5T.T0064\R5T.T0064.csproj", "{4A107CC1-A2D1-4E17-812F-817BCBF44D83}"
EndProject
Global
	GlobalSection(SolutionConfigurationPlatforms) = preSolution
		Debug|Any CPU = Debug|Any CPU
		Debug|x64 = Debug|x64
		Debug|x86 = Debug|x86
		Release|Any CPU = Release|Any CPU
		Release|x64 = Release|x64
		Release|x86 = Release|x86
	EndGlobalSection
	GlobalSection(SolutionProperties) = preSolution
		HideSolutionNode = FALSE
	EndGlobalSection
	GlobalSection(ProjectConfigurationPlatforms) = postSolution
		{BC6CFDB4-DC30-4CCF-BFC9-4D8B17080D88}.Debug|Any CPU.ActiveCfg = Debug|Any CPU
		{BC6CFDB4-DC30-4CCF-BFC9-4D8B17080D88}.Debug|Any CPU.Build.0 = Debug|Any CPU
		{BC6CFDB4-DC30-4CCF-BFC9-4D8B17080D88}.Debug|x64.ActiveCfg = Debug|Any CPU
		{BC6CFDB4-DC30-4CCF-BFC9-4D8B17080D88}.Debug|x64.Build.0 = Debug|Any CPU
		{BC6CFDB4-DC30-4CCF-BFC9-4D8B17080D88}.Debug|x86.ActiveCfg = Debug|Any CPU
		{BC6CFDB4-DC30-4CCF-BFC9-4D8B17080D88}.Debug|x86.Build.0 = Debug|Any CPU
		{BC6CFDB4-DC30-4CCF-BFC9-4D8B17080D88}.Release|Any CPU.ActiveCfg = Release|Any CPU
		{BC6CFDB4-DC30-4CCF-BFC9-4D8B17080D88}.Release|Any CPU.Build.0 = Release|Any CPU
		{BC6CFDB4-DC30-4CCF-BFC9-4D8B17080D88}.Release|x64.ActiveCfg = Release|Any CPU
		{BC6CFDB4-DC30-4CCF-BFC9-4D8B17080D88}.Release|x64.Build.0 = Release|Any CPU
		{BC6CFDB4-DC30-4CCF-BFC9-4D8B17080D88}.Release|x86.ActiveCfg = Release|Any CPU
		{BC6CFDB4-DC30-4CCF-BFC9-4D8B17080D88}.Release|x86.Build.0 = Release|Any CPU
		{276C5225-0E2E-4EAE-84E6-71C542F80D83}.Debug|Any CPU.ActiveCfg = Debug|Any CPU
		{276C5225-0E2E-4EAE-84E6-71C542F80D83}.Debug|Any CPU.Build.0 = Debug|Any CPU
		{276C5225-0E2E-4EAE-84E6-71C542F80D83}.Debug|x64.ActiveCfg = Debug|Any CPU
		{276C5225-0E2E-4EAE-84E6-71C542F80D83}.Debug|x64.Build.0 = Debug|Any CPU
		{276C5225-0E2E-4EAE-84E6-71C542F80D83}.Debug|x86.ActiveCfg = Debug|Any CPU
		{276C5225-0E2E-4EAE-84E6-71C542F80D83}.Debug|x86.Build.0 = Debug|Any CPU
		{276C5225-0E2E-4EAE-84E6-71C542F80D83}.Release|Any CPU.ActiveCfg = Release|Any CPU
		{276C5225-0E2E-4EAE-84E6-71C542F80D83}.Release|Any CPU.Build.0 = Release|Any CPU
		{276C5225-0E2E-4EAE-84E6-71C542F80D83}.Release|x64.ActiveCfg = Release|Any CPU
		{276C5225-0E2E-4EAE-84E6-71C542F80D83}.Release|x64.Build.0 = Release|Any CPU
		{276C5225-0E2E-4EAE-84E6-71C542F80D83}.Release|x86.ActiveCfg = Release|Any CPU
		{276C5225-0E2E-4EAE-84E6-71C542F80D83}.Release|x86.Build.0 = Release|Any CPU
		{8235C5F4-9103-484A-9649-2F5292B9F910}.Debug|Any CPU.ActiveCfg = Debug|Any CPU
		{8235C5F4-9103-484A-9649-2F5292B9F910}.Debug|Any CPU.Build.0 = Debug|Any CPU
		{8235C5F4-9103-484A-9649-2F5292B9F910}.Debug|x64.ActiveCfg = Debug|Any CPU
		{8235C5F4-9103-484A-9649-2F5292B9F910}.Debug|x64.Build.0 = Debug|Any CPU
		{8235C5F4-9103-484A-9649-2F5292B9F910}.Debug|x86.ActiveCfg = Debug|Any CPU
		{8235C5F4-9103-484A-9649-2F5292B9F910}.Debug|x86.Build.0 = Debug|Any CPU
		{8235C5F4-9103-484A-9649-2F5292B9F910}.Release|Any CPU.ActiveCfg = Release|Any CPU
		{8235C5F4-9103-484A-9649-2F5292B9F910}.Release|Any CPU.Build.0 = Release|Any CPU
		{8235C5F4-9103-484A-9649-2F5292B9F910}.Release|x64.ActiveCfg = Release|Any CPU
		{8235C5F4-9103-484A-9649-2F5292B9F910}.Release|x64.Build.0 = Release|Any CPU
		{8235C5F4-9103-484A-9649-2F5292B9F910}.Release|x86.ActiveCfg = Release|Any CPU
		{8235C5F4-9103-484A-9649-2F5292B9F910}.Release|x86.Build.0 = Release|Any CPU
		{4A107CC1-A2D1-4E17-812F-817BCBF44D83}.Debug|Any CPU.ActiveCfg = Debug|Any CPU
		{4A107CC1-A2D1-4E17-812F-817BCBF44D83}.Debug|Any CPU.Build.0 = Debug|Any CPU
		{4A107CC1-A2D1-4E17-812F-817BCBF44D83}.Debug|x64.ActiveCfg = Debug|Any CPU
		{4A107CC1-A2D1-4E17-812F-817BCBF44D83}.Debug|x64.Build.0 = Debug|Any CPU
		{4A107CC1-A2D1-4E17-812F-817BCBF44D83}.Debug|x86.ActiveCfg = Debug|Any CPU
		{4A107CC1-A2D1-4E17-812F-817BCBF44D83}.Debug|x86.Build.0 = Debug|Any CPU
		{4A107CC1-A2D1-4E17-812F-817BCBF44D83}.Release|Any CPU.ActiveCfg = Release|Any CPU
		{4A107CC1-A2D1-4E17-812F-817BCBF44D83}.Release|Any CPU.Build.0 = Release|Any CPU
		{4A107CC1-A2D1-4E17-812F-817BCBF44D83}.Release|x64.ActiveCfg = Release|Any CPU
		{4A107CC1-A2D1-4E17-812F-817BCBF44D83}.Release|x64.Build.0 = Release|Any CPU
		{4A107CC1-A2D1-4E17-812F-817BCBF44D83}.Release|x86.ActiveCfg = Release|Any CPU
		{4A107CC1-A2D1-4E17-812F-817BCBF44D83}.Release|x86.Build.0 = Release|Any CPU
	EndGlobalSection
	GlobalSection(NestedProjects) = preSolution
		{4A107CC1-A2D1-4E17-812F-817BCBF44D83} = {DB631E5F-E8BE-4F4C-9C0B-54473E56B243}
	EndGlobalSection
EndGlobal
